{
  "version": 4,
  "terraform_version": "1.13.2",
  "serial": 10,
  "lineage": "ba362bff-884d-ef48-394d-a444ff897ab1",
  "outputs": {
    "database_connection_info": {
      "value": {
        "database": "prestashop",
        "host": "prestashop-db-dev-rokz8rsw.mysql.database.azure.com",
        "server_name": "prestashop-db-dev-rokz8rsw",
        "username": "adminuser"
      },
      "type": [
        "object",
        {
          "database": "string",
          "host": "string",
          "server_name": "string",
          "username": "string"
        }
      ]
    },
    "database_password": {
      "value": "Password123!",
      "type": "string",
      "sensitive": true
    },
    "prestashop_url": {
      "value": "http://prestashop-dev.westeurope.azurecontainer.io",
      "type": "string"
    }
  },
  "resources": [
    {
      "mode": "managed",
      "type": "azurerm_resource_group",
      "name": "rg",
      "provider": "provider[\"registry.terraform.io/hashicorp/azurerm\"]",
      "instances": [
        {
          "schema_version": 0,
          "attributes": {
            "id": "/subscriptions/98986790-05f9-4237-b612-4814a09270dd/resourceGroups/taylor-shift-rg",
            "location": "westeurope",
            "managed_by": "",
            "name": "taylor-shift-rg",
            "tags": {},
            "timeouts": null
          },
          "sensitive_attributes": [],
          "identity_schema_version": 0,
          "private": "eyJlMmJmYjczMC1lY2FhLTExZTYtOGY4OC0zNDM2M2JjN2M0YzAiOnsiY3JlYXRlIjo1NDAwMDAwMDAwMDAwLCJkZWxldGUiOjU0MDAwMDAwMDAwMDAsInJlYWQiOjMwMDAwMDAwMDAwMCwidXBkYXRlIjo1NDAwMDAwMDAwMDAwfX0="
        }
      ]
    },
    {
      "module": "module.database",
      "mode": "managed",
      "type": "azurerm_mysql_flexible_database",
      "name": "default",
      "provider": "provider[\"registry.terraform.io/hashicorp/azurerm\"]",
      "instances": [
        {
          "schema_version": 0,
          "attributes": {
            "charset": "utf8mb4",
            "collation": "utf8mb4_unicode_ci",
            "id": "/subscriptions/98986790-05f9-4237-b612-4814a09270dd/resourceGroups/taylor-shift-rg/providers/Microsoft.DBforMySQL/flexibleServers/prestashop-db-dev-rokz8rsw/databases/prestashop",
            "name": "prestashop",
            "resource_group_name": "taylor-shift-rg",
            "server_name": "prestashop-db-dev-rokz8rsw",
            "timeouts": null
          },
          "sensitive_attributes": [],
          "identity_schema_version": 0,
          "private": "eyJlMmJmYjczMC1lY2FhLTExZTYtOGY4OC0zNDM2M2JjN2M0YzAiOnsiY3JlYXRlIjozNjAwMDAwMDAwMDAwLCJkZWxldGUiOjM2MDAwMDAwMDAwMDAsInJlYWQiOjMwMDAwMDAwMDAwMH19",
          "dependencies": [
            "azurerm_resource_group.rg",
            "module.database.azurerm_mysql_flexible_server.db",
            "module.database.random_string.server_suffix"
          ]
        }
      ]
    },
    {
      "module": "module.database",
      "mode": "managed",
      "type": "azurerm_mysql_flexible_server",
      "name": "db",
      "provider": "provider[\"registry.terraform.io/hashicorp/azurerm\"]",
      "instances": [
        {
          "schema_version": 0,
          "attributes": {
            "administrator_login": "adminuser",
            "administrator_password": "Password123!",
            "administrator_password_wo": null,
            "administrator_password_wo_version": 0,
            "backup_retention_days": 7,
            "create_mode": null,
            "customer_managed_key": [],
            "delegated_subnet_id": "",
            "fqdn": "prestashop-db-dev-rokz8rsw.mysql.database.azure.com",
            "geo_redundant_backup_enabled": false,
            "high_availability": [],
            "id": "/subscriptions/98986790-05f9-4237-b612-4814a09270dd/resourceGroups/taylor-shift-rg/providers/Microsoft.DBforMySQL/flexibleServers/prestashop-db-dev-rokz8rsw",
            "identity": [],
            "location": "francecentral",
            "maintenance_window": [],
            "name": "prestashop-db-dev-rokz8rsw",
            "point_in_time_restore_time_in_utc": null,
            "private_dns_zone_id": "",
            "public_network_access": "Enabled",
            "public_network_access_enabled": true,
            "replica_capacity": 10,
            "replication_role": "None",
            "resource_group_name": "taylor-shift-rg",
            "sku_name": "B_Standard_B1ms",
            "source_server_id": "",
            "storage": [
              {
                "auto_grow_enabled": true,
                "io_scaling_enabled": false,
                "iops": 396,
                "log_on_disk_enabled": false,
                "size_gb": 32
              }
            ],
            "tags": {
              "environment": "dev"
            },
            "timeouts": null,
            "version": "8.0.21",
            "zone": ""
          },
          "sensitive_attributes": [
            [
              {
                "type": "get_attr",
                "value": "administrator_password"
              }
            ]
          ],
          "identity_schema_version": 0,
          "private": "eyJlMmJmYjczMC1lY2FhLTExZTYtOGY4OC0zNDM2M2JjN2M0YzAiOnsiY3JlYXRlIjo3MjAwMDAwMDAwMDAwLCJkZWxldGUiOjM2MDAwMDAwMDAwMDAsInJlYWQiOjMwMDAwMDAwMDAwMCwidXBkYXRlIjo3MjAwMDAwMDAwMDAwfX0=",
          "dependencies": [
            "azurerm_resource_group.rg",
            "module.database.random_string.server_suffix"
          ]
        }
      ]
    },
    {
      "module": "module.database",
      "mode": "managed",
      "type": "azurerm_mysql_flexible_server_configuration",
      "name": "require_secure_transport",
      "provider": "provider[\"registry.terraform.io/hashicorp/azurerm\"]",
      "instances": [
        {
          "schema_version": 0,
          "attributes": {
            "id": "/subscriptions/98986790-05f9-4237-b612-4814a09270dd/resourceGroups/taylor-shift-rg/providers/Microsoft.DBforMySQL/flexibleServers/prestashop-db-dev-rokz8rsw/configurations/require_secure_transport",
            "name": "require_secure_transport",
            "resource_group_name": "taylor-shift-rg",
            "server_name": "prestashop-db-dev-rokz8rsw",
            "timeouts": null,
            "value": "OFF"
          },
          "sensitive_attributes": [],
          "identity_schema_version": 0,
          "private": "eyJlMmJmYjczMC1lY2FhLTExZTYtOGY4OC0zNDM2M2JjN2M0YzAiOnsiY3JlYXRlIjoxODAwMDAwMDAwMDAwLCJkZWxldGUiOjE4MDAwMDAwMDAwMDAsInJlYWQiOjMwMDAwMDAwMDAwMCwidXBkYXRlIjoxODAwMDAwMDAwMDAwfX0=",
          "dependencies": [
            "azurerm_resource_group.rg",
            "module.database.azurerm_mysql_flexible_server.db",
            "module.database.random_string.server_suffix"
          ]
        }
      ]
    },
    {
      "module": "module.database",
      "mode": "managed",
      "type": "azurerm_mysql_flexible_server_firewall_rule",
      "name": "allow_all",
      "provider": "provider[\"registry.terraform.io/hashicorp/azurerm\"]",
      "instances": [
        {
          "schema_version": 0,
          "attributes": {
            "end_ip_address": "255.255.255.255",
            "id": "/subscriptions/98986790-05f9-4237-b612-4814a09270dd/resourceGroups/taylor-shift-rg/providers/Microsoft.DBforMySQL/flexibleServers/prestashop-db-dev-rokz8rsw/firewallRules/AllowAll",
            "name": "AllowAll",
            "resource_group_name": "taylor-shift-rg",
            "server_name": "prestashop-db-dev-rokz8rsw",
            "start_ip_address": "0.0.0.0",
            "timeouts": null
          },
          "sensitive_attributes": [],
          "identity_schema_version": 0,
          "private": "eyJlMmJmYjczMC1lY2FhLTExZTYtOGY4OC0zNDM2M2JjN2M0YzAiOnsiY3JlYXRlIjoxODAwMDAwMDAwMDAwLCJkZWxldGUiOjE4MDAwMDAwMDAwMDAsInJlYWQiOjMwMDAwMDAwMDAwMCwidXBkYXRlIjoxODAwMDAwMDAwMDAwfX0=",
          "dependencies": [
            "azurerm_resource_group.rg",
            "module.database.azurerm_mysql_flexible_server.db",
            "module.database.random_string.server_suffix"
          ]
        }
      ]
    },
    {
      "module": "module.database",
      "mode": "managed",
      "type": "random_string",
      "name": "server_suffix",
      "provider": "provider[\"registry.terraform.io/hashicorp/random\"]",
      "instances": [
        {
          "schema_version": 2,
          "attributes": {
            "id": "rokz8rsw",
            "keepers": null,
            "length": 8,
            "lower": true,
            "min_lower": 0,
            "min_numeric": 0,
            "min_special": 0,
            "min_upper": 0,
            "number": true,
            "numeric": true,
            "override_special": null,
            "result": "rokz8rsw",
            "special": false,
            "upper": false
          },
          "sensitive_attributes": [],
          "identity_schema_version": 0
        }
      ]
    },
    {
      "module": "module.prestashop",
      "mode": "managed",
      "type": "azurerm_container_group",
      "name": "prestashop",
      "provider": "provider[\"registry.terraform.io/hashicorp/azurerm\"]",
      "instances": [
        {
          "schema_version": 0,
          "attributes": {
            "container": [
              {
                "commands": [],
                "cpu": 1,
                "cpu_limit": 0,
                "environment_variables": {
                  "DB_NAME": "prestashop",
                  "DB_PASSWD": "Password123!",
                  "DB_SERVER": "prestashop-db-dev-rokz8rsw.mysql.database.azure.com",
                  "DB_USER": "adminuser"
                },
                "image": "prestashop/prestashop",
                "liveness_probe": [],
                "memory": 1.5,
                "memory_limit": 0,
                "name": "prestashop",
                "ports": [
                  {
                    "port": 80,
                    "protocol": "TCP"
                  }
                ],
                "readiness_probe": [],
                "secure_environment_variables": {},
                "security": [],
                "volume": []
              }
            ],
            "diagnostics": [],
            "dns_config": [],
            "dns_name_label": "prestashop-dev",
            "dns_name_label_reuse_policy": "Unsecure",
            "exposed_port": [
              {
                "port": 80,
                "protocol": "TCP"
              }
            ],
            "fqdn": "prestashop-dev.westeurope.azurecontainer.io",
            "id": "/subscriptions/98986790-05f9-4237-b612-4814a09270dd/resourceGroups/taylor-shift-rg/providers/Microsoft.ContainerInstance/containerGroups/prestashop-container",
            "identity": [],
            "image_registry_credential": [
              {
                "password": "Bandello31!!!",
                "server": "index.docker.io",
                "user_assigned_identity_id": "",
                "username": "hampza"
              }
            ],
            "init_container": [],
            "ip_address": "4.231.75.109",
            "ip_address_type": "Public",
            "key_vault_key_id": null,
            "key_vault_user_assigned_identity_id": null,
            "location": "westeurope",
            "name": "prestashop-container",
            "network_profile_id": null,
            "os_type": "Linux",
            "priority": "",
            "resource_group_name": "taylor-shift-rg",
            "restart_policy": "Always",
            "sku": "Standard",
            "subnet_ids": [],
            "tags": {},
            "timeouts": null,
            "zones": []
          },
          "sensitive_attributes": [
            [
              {
                "type": "get_attr",
                "value": "container"
              },
              {
                "type": "index",
                "value": {
                  "value": 0,
                  "type": "number"
                }
              },
              {
                "type": "get_attr",
                "value": "environment_variables"
              },
              {
                "type": "index",
                "value": {
                  "value": "DB_PASSWD",
                  "type": "string"
                }
              }
            ],
            [
              {
                "type": "get_attr",
                "value": "container"
              },
              {
                "type": "index",
                "value": {
                  "value": 0,
                  "type": "number"
                }
              },
              {
                "type": "get_attr",
                "value": "secure_environment_variables"
              }
            ],
            [
              {
                "type": "get_attr",
                "value": "image_registry_credential"
              },
              {
                "type": "index",
                "value": {
                  "value": 0,
                  "type": "number"
                }
              },
              {
                "type": "get_attr",
                "value": "password"
              }
            ]
          ],
          "identity_schema_version": 0,
          "private": "eyJlMmJmYjczMC1lY2FhLTExZTYtOGY4OC0zNDM2M2JjN2M0YzAiOnsiY3JlYXRlIjozNjAwMDAwMDAwMDAwLCJkZWxldGUiOjE4MDAwMDAwMDAwMDAsInJlYWQiOjMwMDAwMDAwMDAwMCwidXBkYXRlIjoxODAwMDAwMDAwMDAwfX0=",
          "dependencies": [
            "azurerm_resource_group.rg",
            "module.database.azurerm_mysql_flexible_server.db",
            "module.database.random_string.server_suffix"
          ]
        }
      ]
    }
  ],
  "check_results": null
}
